{
  "requires": true,
  "lockfileVersion": 1,
  "dependencies": {
    "alpinejs": {
      "version": "2.8.0",
      "resolved": "https://registry.npmjs.org/alpinejs/-/alpinejs-2.8.0.tgz",
      "integrity": "sha512-UHvE71BBYHJa6+RxjMwM0g4eokq+5yG1QO5C6VieUu0MVPlsUSlwvrh19VVZQApNIlQsgcvQUhIalzAIgoAPoA=="
    },
    "codemirror": {
      "version": "5.65.0",
      "resolved": "https://registry.npmjs.org/codemirror/-/codemirror-5.65.0.tgz",
      "integrity": "sha512-gWEnHKEcz1Hyz7fsQWpK7P0sPI2/kSkRX2tc7DFA6TmZuDN75x/1ejnH/Pn8adYKrLEA1V2ww6L00GudHZbSKw=="
    },
    "codemirror-spell-checker": {
      "version": "1.1.2",
      "resolved": "https://registry.npmjs.org/codemirror-spell-checker/-/codemirror-spell-checker-1.1.2.tgz",
      "integrity": "sha1-HGYPkIlIPMtRE7m6nKGcP0mTNx4=",
      "requires": {
        "typo-js": "*"
      }
    },
    "marked": {
      "version": "4.0.8",
      "resolved": "https://registry.npmjs.org/marked/-/marked-4.0.8.tgz",
      "integrity": "sha512-dkpJMIlJpc833hbjjg8jraw1t51e/eKDoG8TFOgc5O0Z77zaYKigYekTDop5AplRoKFGIaoazhYEhGkMtU3IeA=="
    },
    "nprogress": {
      "version": "0.2.0",
      "resolved": "https://registry.npmjs.org/nprogress/-/nprogress-0.2.0.tgz",
      "integrity": "sha1-y480xTIT2JVyP8urkH6UIq28r7E="
    },
    "phoenix": {
      "version": "file:../deps/phoenix"
    },
    "phoenix_html": {
      "version": "file:../deps/phoenix_html"
    },
    "phoenix_live_view": {
      "version": "file:../deps/phoenix_live_view"
    },
    "simplemde": {
      "version": "1.11.2",
      "resolved": "https://registry.npmjs.org/simplemde/-/simplemde-1.11.2.tgz",
      "integrity": "sha1-ojo12XjSxA7wfewAjJLwcNjggOM=",
      "requires": {
        "codemirror": "*",
        "codemirror-spell-checker": "*",
        "marked": "*"
      }
    },
    "typo-js": {
      "version": "1.2.1",
      "resolved": "https://registry.npmjs.org/typo-js/-/typo-js-1.2.1.tgz",
      "integrity": "sha512-bTGLjbD3WqZDR3CgEFkyi9Q/SS2oM29ipXrWfDb4M74ea69QwKAECVceYpaBu0GfdnASMg9Qfl67ttB23nePHg=="
    }
  }
}
